
Microsoft Visual Studio Solution File, Format Version 12.00
# Visual Studio Version 17
VisualStudioVersion = 17.1.32210.238
MinimumVisualStudioVersion = 10.0.40219.1
Project("{FAE04EC0-301F-11D3-BF4B-00C04F79EFBC}") = "blazorPWAEcommerce.Server", "Server\blazorPWAEcommerce.Server.csproj", "{B27E434E-8005-46A1-B1BC-941556D732FF}"
EndProject
Project("{FAE04EC0-301F-11D3-BF4B-00C04F79EFBC}") = "blazorPWAEcommerce.Client", "Client\blazorPWAEcommerce.Client.csproj", "{82279619-1AB6-4619-93E1-B901711F3769}"
EndProject
Project("{FAE04EC0-301F-11D3-BF4B-00C04F79EFBC}") = "blazorPWAEcommerce.Shared", "Shared\blazorPWAEcommerce.Shared.csproj", "{006B3DE1-A40A-4932-B521-6CD7A85486DA}"
EndProject
Global
	GlobalSection(SolutionConfigurationPlatforms) = preSolution
		Debug|Any CPU = Debug|Any CPU
		Release|Any CPU = Release|Any CPU
	EndGlobalSection
	GlobalSection(ProjectConfigurationPlatforms) = postSolution
		{B27E434E-8005-46A1-B1BC-941556D732FF}.Debug|Any CPU.ActiveCfg = Debug|Any CPU
		{B27E434E-8005-46A1-B1BC-941556D732FF}.Debug|Any CPU.Build.0 = Debug|Any CPU
		{B27E434E-8005-46A1-B1BC-941556D732FF}.Release|Any CPU.ActiveCfg = Release|Any CPU
		{B27E434E-8005-46A1-B1BC-941556D732FF}.Release|Any CPU.Build.0 = Release|Any CPU
		{82279619-1AB6-4619-93E1-B901711F3769}.Debug|Any CPU.ActiveCfg = Debug|Any CPU
		{82279619-1AB6-4619-93E1-B901711F3769}.Debug|Any CPU.Build.0 = Debug|Any CPU
		{82279619-1AB6-4619-93E1-B901711F3769}.Release|Any CPU.ActiveCfg = Release|Any CPU
		{82279619-1AB6-4619-93E1-B901711F3769}.Release|Any CPU.Build.0 = Release|Any CPU
		{006B3DE1-A40A-4932-B521-6CD7A85486DA}.Debug|Any CPU.ActiveCfg = Debug|Any CPU
		{006B3DE1-A40A-4932-B521-6CD7A85486DA}.Debug|Any CPU.Build.0 = Debug|Any CPU
		{006B3DE1-A40A-4932-B521-6CD7A85486DA}.Release|Any CPU.ActiveCfg = Release|Any CPU
		{006B3DE1-A40A-4932-B521-6CD7A85486DA}.Release|Any CPU.Build.0 = Release|Any CPU
	EndGlobalSection
	GlobalSection(SolutionProperties) = preSolution
		HideSolutionNode = FALSE
	EndGlobalSection
	GlobalSection(ExtensibilityGlobals) = postSolution
		SolutionGuid = {974F2046-6ABC-4802-A630-9D7E194DBD15}
	EndGlobalSection
EndGlobal
